
Microsoft Visual Studio Solution File, Format Version 12.00
# Visual Studio Version 16
VisualStudioVersion = 16.0.29613.14
MinimumVisualStudioVersion = 10.0.40219.1
Project("{FAE04EC0-301F-11D3-BF4B-00C04F79EFBC}") = "NoteToSelf.Server", "Server\NoteToSelf.Server.csproj", "{A95926F6-3BF8-496C-884A-1E0410925401}"
EndProject
Project("{FAE04EC0-301F-11D3-BF4B-00C04F79EFBC}") = "NoteToSelf.Client", "Client\NoteToSelf.Client.csproj", "{5A731072-2AB5-4A24-87E1-D3C3D42B3613}"
EndProject
Project("{FAE04EC0-301F-11D3-BF4B-00C04F79EFBC}") = "NoteToSelf.Shared", "Shared\NoteToSelf.Shared.csproj", "{2FB47730-F0CB-445A-919A-B9D167F1D05F}"
EndProject
Global
	GlobalSection(SolutionConfigurationPlatforms) = preSolution
		Debug|Any CPU = Debug|Any CPU
		Release|Any CPU = Release|Any CPU
	EndGlobalSection
	GlobalSection(ProjectConfigurationPlatforms) = postSolution
		{A95926F6-3BF8-496C-884A-1E0410925401}.Debug|Any CPU.ActiveCfg = Debug|Any CPU
		{A95926F6-3BF8-496C-884A-1E0410925401}.Debug|Any CPU.Build.0 = Debug|Any CPU
		{A95926F6-3BF8-496C-884A-1E0410925401}.Release|Any CPU.ActiveCfg = Release|Any CPU
		{A95926F6-3BF8-496C-884A-1E0410925401}.Release|Any CPU.Build.0 = Release|Any CPU
		{5A731072-2AB5-4A24-87E1-D3C3D42B3613}.Debug|Any CPU.ActiveCfg = Debug|Any CPU
		{5A731072-2AB5-4A24-87E1-D3C3D42B3613}.Debug|Any CPU.Build.0 = Debug|Any CPU
		{5A731072-2AB5-4A24-87E1-D3C3D42B3613}.Release|Any CPU.ActiveCfg = Release|Any CPU
		{5A731072-2AB5-4A24-87E1-D3C3D42B3613}.Release|Any CPU.Build.0 = Release|Any CPU
		{2FB47730-F0CB-445A-919A-B9D167F1D05F}.Debug|Any CPU.ActiveCfg = Debug|Any CPU
		{2FB47730-F0CB-445A-919A-B9D167F1D05F}.Debug|Any CPU.Build.0 = Debug|Any CPU
		{2FB47730-F0CB-445A-919A-B9D167F1D05F}.Release|Any CPU.ActiveCfg = Release|Any CPU
		{2FB47730-F0CB-445A-919A-B9D167F1D05F}.Release|Any CPU.Build.0 = Release|Any CPU
	EndGlobalSection
	GlobalSection(SolutionProperties) = preSolution
		HideSolutionNode = FALSE
	EndGlobalSection
	GlobalSection(ExtensibilityGlobals) = postSolution
		SolutionGuid = {E77A85F1-B83C-49D2-BDC3-B168EE08F2AB}
	EndGlobalSection
EndGlobal
